// !$*UTF8*$!
{
	archiveVersion = 1;
	classes = {
	};
	objectVersion = 50;
	objects = {

/* Begin PBXBuildFile section */
		BC0BA16021C8B8EE0007D965 /* AppDelegate.m in Sources */ = {isa = PBXBuildFile; fileRef = BC0BA15F21C8B8EE0007D965 /* AppDelegate.m */; };
		BC0BA16321C8B8EE0007D965 /* ViewController.m in Sources */ = {isa = PBXBuildFile; fileRef = BC0BA16221C8B8EE0007D965 /* ViewController.m */; };
		BC0BA16621C8B8EE0007D965 /* Main.storyboard in Resources */ = {isa = PBXBuildFile; fileRef = BC0BA16421C8B8EE0007D965 /* Main.storyboard */; };
		BC0BA16821C8B8F00007D965 /* Assets.xcassets in Resources */ = {isa = PBXBuildFile; fileRef = BC0BA16721C8B8F00007D965 /* Assets.xcassets */; };
		BC0BA16B21C8B8F00007D965 /* LaunchScreen.storyboard in Resources */ = {isa = PBXBuildFile; fileRef = BC0BA16921C8B8F00007D965 /* LaunchScreen.storyboard */; };
		BC0BA16E21C8B8F00007D965 /* main.m in Sources */ = {isa = PBXBuildFile; fileRef = BC0BA16D21C8B8F00007D965 /* main.m */; };
/* End PBXBuildFile section */

/* Begin PBXFileReference section */
		BC0BA15B21C8B8EE0007D965 /* Ditherer.app */ = {isa = PBXFileReference; explicitFileType = wrapper.application; includeInIndex = 0; path = Ditherer.app; sourceTree = BUILT_PRODUCTS_DIR; };
		BC0BA15E21C8B8EE0007D965 /* AppDelegate.h */ = {isa = PBXFileReference; lastKnownFileType = sourcecode.c.h; path = AppDelegate.h; sourceTree = "<group>"; };
		BC0BA15F21C8B8EE0007D965 /* AppDelegate.m */ = {isa = PBXFileReference; lastKnownFileType = sourcecode.c.objc; path = AppDelegate.m; sourceTree = "<group>"; };
		BC0BA16121C8B8EE0007D965 /* ViewController.h */ = {isa = PBXFileReference; lastKnownFileType = sourcecode.c.h; path = ViewController.h; sourceTree = "<group>"; };
		BC0BA16221C8B8EE0007D965 /* ViewController.m */ = {isa = PBXFileReference; lastKnownFileType = sourcecode.c.objc; path = ViewController.m; sourceTree = "<group>"; };
		BC0BA16521C8B8EE0007D965 /* Base */ = {isa = PBXFileReference; lastKnownFileType = file.storyboard; name = Base; path = Base.lproj/Main.storyboard; sourceTree = "<group>"; };
		BC0BA16721C8B8F00007D965 /* Assets.xcassets */ = {isa = PBXFileReference; lastKnownFileType = folder.assetcatalog; path = Assets.xcassets; sourceTree = "<group>"; };
		BC0BA16A21C8B8F00007D965 /* Base */ = {isa = PBXFileReference; lastKnownFileType = file.storyboard; name = Base; path = Base.lproj/LaunchScreen.storyboard; sourceTree = "<group>"; };
		BC0BA16C21C8B8F00007D965 /* Info.plist */ = {isa = PBXFileReference; lastKnownFileType = text.plist.xml; path = Info.plist; sourceTree = "<group>"; };
		BC0BA16D21C8B8F00007D965 /* main.m */ = {isa = PBXFileReference; lastKnownFileType = sourcecode.c.objc; path = main.m; sourceTree = "<group>"; };
		BCCB58F321E7F3D700B17D5E /* DITHERING.md */ = {isa = PBXFileReference; lastKnownFileType = net.daringfireball.markdown; path = DITHERING.md; sourceTree = "<group>"; };
		BCD4D53021E4713600703BD5 /* README.md */ = {isa = PBXFileReference; lastKnownFileType = net.daringfireball.markdown; path = README.md; sourceTree = "<group>"; };
/* End PBXFileReference section */

/* Begin PBXFrameworksBuildPhase section */
		BC0BA15821C8B8EE0007D965 /* Frameworks */ = {
			isa = PBXFrameworksBuildPhase;
			buildActionMask = 2147483647;
			files = (
			);
			runOnlyForDeploymentPostprocessing = 0;
		};
/* End PBXFrameworksBuildPhase section */

/* Begin PBXGroup section */
		BC0BA15221C8B8EE0007D965 = {
			isa = PBXGroup;
			children = (
				BCD4D53021E4713600703BD5 /* README.md */,
				BCCB58F321E7F3D700B17D5E /* DITHERING.md */,
				BC0BA15D21C8B8EE0007D965 /* Ditherer */,
				BC0BA15C21C8B8EE0007D965 /* Products */,
			);
			sourceTree = "<group>";
		};
		BC0BA15C21C8B8EE0007D965 /* Products */ = {
			isa = PBXGroup;
			children = (
				BC0BA15B21C8B8EE0007D965 /* Ditherer.app */,
			);
			name = Products;
			sourceTree = "<group>";
		};
		BC0BA15D21C8B8EE0007D965 /* Ditherer */ = {
			isa = PBXGroup;
			children = (
				BC0BA15E21C8B8EE0007D965 /* AppDelegate.h */,
				BC0BA15F21C8B8EE0007D965 /* AppDelegate.m */,
				BC0BA16121C8B8EE0007D965 /* ViewController.h */,
				BC0BA16221C8B8EE0007D965 /* ViewController.m */,
				BC0BA16421C8B8EE0007D965 /* Main.storyboard */,
				BC0BA16721C8B8F00007D965 /* Assets.xcassets */,
				BC0BA16921C8B8F00007D965 /* LaunchScreen.storyboard */,
				BC0BA16C21C8B8F00007D965 /* Info.plist */,
				BC0BA16D21C8B8F00007D965 /* main.m */,
			);
			path = Ditherer;
			sourceTree = "<group>";
		};
/* End PBXGroup section */

/* Begin PBXNativeTarget section */
		BC0BA15A21C8B8EE0007D965 /* Ditherer */ = {
			isa = PBXNativeTarget;
			buildConfigurationList = BC0BA17121C8B8F00007D965 /* Build configuration list for PBXNativeTarget "Ditherer" */;
			buildPhases = (
				BC0BA15721C8B8EE0007D965 /* Sources */,
				BC0BA15821C8B8EE0007D965 /* Frameworks */,
				BC0BA15921C8B8EE0007D965 /* Resources */,
			);
			buildRules = (
			);
			dependencies = (
			);
			name = Ditherer;
			productName = Ditherer;
			productReference = BC0BA15B21C8B8EE0007D965 /* Ditherer.app */;
			productType = "com.apple.product-type.application";
		};
/* End PBXNativeTarget section */

/* Begin PBXProject section */
		BC0BA15321C8B8EE0007D965 /* Project object */ = {
			isa = PBXProject;
			attributes = {
				LastUpgradeCheck = 1010;
				ORGANIZATIONNAME = "Emergent Properties Inc.";
				TargetAttributes = {
					BC0BA15A21C8B8EE0007D965 = {
						CreatedOnToolsVersion = 10.1;
					};
				};
			};
			buildConfigurationList = BC0BA15621C8B8EE0007D965 /* Build configuration list for PBXProject "Ditherer" */;
			compatibilityVersion = "Xcode 9.3";
			developmentRegion = en;
			hasScannedForEncodings = 0;
			knownRegions = (
				en,
				Base,
			);
			mainGroup = BC0BA15221C8B8EE0007D965;
			productRefGroup = BC0BA15C21C8B8EE0007D965 /* Products */;
			projectDirPath = "";
			projectRoot = "";
			targets = (
				BC0BA15A21C8B8EE0007D965 /* Ditherer */,
			);
		};
/* End PBXProject section */

/* Begin PBXResourcesBuildPhase section */
		BC0BA15921C8B8EE0007D965 /* Resources */ = {
			isa = PBXResourcesBuildPhase;
			buildActionMask = 2147483647;
			files = (
				BC0BA16B21C8B8F00007D965 /* LaunchScreen.storyboard in Resources */,
				BC0BA16821C8B8F00007D965 /* Assets.xcassets in Resources */,
				BC0BA16621C8B8EE0007D965 /* Main.storyboard in Resources */,
			);
			runOnlyForDeploymentPostprocessing = 0;
		};
/* End PBXResourcesBuildPhase section */

/* Begin PBXSourcesBuildPhase section */
		BC0BA15721C8B8EE0007D965 /* Sources */ = {
			isa = PBXSourcesBuildPhase;
			buildActionMask = 2147483647;
			files = (
				BC0BA16321C8B8EE0007D965 /* ViewController.m in Sources */,
				BC0BA16E21C8B8F00007D965 /* main.m in Sources */,
				BC0BA16021C8B8EE0007D965 /* AppDelegate.m in Sources */,
			);
			runOnlyForDeploymentPostprocessing = 0;
		};
/* End PBXSourcesBuildPhase section */

/* Begin PBXVariantGroup section */
		BC0BA16421C8B8EE0007D965 /* Main.storyboard */ = {
			isa = PBXVariantGroup;
			children = (
				BC0BA16521C8B8EE0007D965 /* Base */,
			);
			name = Main.storyboard;
			sourceTree = "<group>";
		};
		BC0BA16921C8B8F00007D965 /* LaunchScreen.storyboard */ = {
			isa = PBXVariantGroup;
			children = (
				BC0BA16A21C8B8F00007D965 /* Base */,
			);
			name = LaunchScreen.storyboard;
			sourceTree = "<group>";
		};
/* End PBXVariantGroup section */

/* Begin XCBuildConfiguration section */
		BC0BA16F21C8B8F00007D965 /* Debug */ = {
			isa = XCBuildConfiguration;
			buildSettings = {
				ALWAYS_SEARCH_USER_PATHS = NO;
				CLANG_ANALYZER_NONNULL = YES;
				CLANG_ANALYZER_NUMBER_OBJECT_CONVERSION = YES_AGGRESSIVE;
				CLANG_CXX_LANGUAGE_STANDARD = "gnu++14";
				CLANG_CXX_LIBRARY = "libc++";
				CLANG_ENABLE_MODULES = YES;
				CLANG_ENABLE_OBJC_ARC = YES;
				CLANG_ENABLE_OBJC_WEAK = YES;
				CLANG_WARN_BLOCK_CAPTURE_AUTORELEASING = YES;
				CLANG_WARN_BOOL_CONVERSION = YES;
				CLANG_WARN_COMMA = YES;
				CLANG_WARN_CONSTANT_CONVERSION = YES;
				CLANG_WARN_DEPRECATED_OBJC_IMPLEMENTATIONS = YES;
				CLANG_WARN_DIRECT_OBJC_ISA_USAGE = YES_ERROR;
				CLANG_WARN_DOCUMENTATION_COMMENTS = YES;
				CLANG_WARN_EMPTY_BODY = YES;
				CLANG_WARN_ENUM_CONVERSION = YES;
				CLANG_WARN_INFINITE_RECURSION = YES;
				CLANG_WARN_INT_CONVERSION = YES;
				CLANG_WARN_NON_LITERAL_NULL_CONVERSION = YES;
				CLANG_WARN_OBJC_IMPLICIT_RETAIN_SELF = YES;
				CLANG_WARN_OBJC_LITERAL_CONVERSION = YES;
				CLANG_WARN_OBJC_ROOT_CLASS = YES_ERROR;
				CLANG_WARN_RANGE_LOOP_ANALYSIS = YES;
				CLANG_WARN_STRICT_PROTOTYPES = YES;
				CLANG_WARN_SUSPICIOUS_MOVE = YES;
				CLANG_WARN_UNGUARDED_AVAILABILITY = YES_AGGRESSIVE;
				CLANG_WARN_UNREACHABLE_CODE = YES;
				CLANG_WARN__DUPLICATE_METHOD_MATCH = YES;
				CODE_SIGN_IDENTITY = "iPhone Developer";
				COPY_PHASE_STRIP = NO;
				DEBUG_INFORMATION_FORMAT = dwarf;
				ENABLE_STRICT_OBJC_MSGSEND = YES;
				ENABLE_TESTABILITY = YES;
				GCC_C_LANGUAGE_STANDARD = gnu11;
				GCC_DYNAMIC_NO_PIC = NO;
				GCC_NO_COMMON_BLOCKS = YES;
				GCC_OPTIMIZATION_LEVEL = 0;
				GCC_PREPROCESSOR_DEFINITIONS = (
					"DEBUG=1",
					"$(inherited)",
				);
				GCC_WARN_64_TO_32_BIT_CONVERSION = YES;
				GCC_WARN_ABOUT_RETURN_TYPE = YES_ERROR;
				GCC_WARN_UNDECLARED_SELECTOR = YES;
				GCC_WARN_UNINITIALIZED_AUTOS = YES_AGGRESSIVE;
				GCC_WARN_UNUSED_FUNCTION = YES;
				GCC_WARN_UNUSED_VARIABLE = YES;
				IPHONEOS_DEPLOYMENT_TARGET = 12.1;
				MTL_ENABLE_DEBUG_INFO = INCLUDE_SOURCE;
				MTL_FAST_MATH = YES;
				ONLY_ACTIVE_ARCH = YES;
				SDKROOT = iphoneos;
			};
			name = Debug;
		};
		BC0BA17021C8B8F00007D965 /* Release */ = {
			isa = XCBuildConfiguration;
			buildSettings = {
				ALWAYS_SEARCH_USER_PATHS = NO;
				CLANG_ANALYZER_NONNULL = YES;
				CLANG_ANALYZER_NUMBER_OBJECT_CONVERSION = YES_AGGRESSIVE;
				CLANG_CXX_LANGUAGE_STANDARD = "gnu++14";
				CLANG_CXX_LIBRARY = "libc++";
				CLANG_ENABLE_MODULES = YES;
				CLANG_ENABLE_OBJC_ARC = YES;
				CLANG_ENABLE_OBJC_WEAK = YES;
				CLANG_WARN_BLOCK_CAPTURE_AUTORELEASING = YES;
				CLANG_WARN_BOOL_CONVERSION = YES;
				CLANG_WARN_COMMA = YES;
				CLANG_WARN_CONSTANT_CONVERSION = YES;
				CLANG_WARN_DEPRECATED_OBJC_IMPLEMENTATIONS = YES;
				CLANG_WARN_DIRECT_OBJC_ISA_USAGE = YES_ERROR;
				CLANG_WARN_DOCUMENTATION_COMMENTS = YES;
				CLANG_WARN_EMPTY_BODY = YES;
				CLANG_WARN_ENUM_CONVERSION = YES;
				CLANG_WARN_INFINITE_RECURSION = YES;
				CLANG_WARN_INT_CONVERSION = YES;
				CLANG_WARN_NON_LITERAL_NULL_CONVERSION = YES;
				CLANG_WARN_OBJC_IMPLICIT_RETAIN_SELF = YES;
				CLANG_WARN_OBJC_LITERAL_CONVERSION = YES;
				CLANG_WARN_OBJC_ROOT_CLASS = YES_ERROR;
				CLANG_WARN_RANGE_LOOP_ANALYSIS = YES;
				CLANG_WARN_STRICT_PROTOTYPES = YES;
				CLANG_WARN_SUSPICIOUS_MOVE = YES;
				CLANG_WARN_UNGUARDED_AVAILABILITY = YES_AGGRESSIVE;
				CLANG_WARN_UNREACHABLE_CODE = YES;
				CLANG_WARN__DUPLICATE_METHOD_MATCH = YES;
				CODE_SIGN_IDENTITY = "iPhone Developer";
				COPY_PHASE_STRIP = NO;
				DEBUG_INFORMATION_FORMAT = "dwarf-with-dsym";
				ENABLE_NS_ASSERTIONS = NO;
				ENABLE_STRICT_OBJC_MSGSEND = YES;
				GCC_C_LANGUAGE_STANDARD = gnu11;
				GCC_NO_COMMON_BLOCKS = YES;
				GCC_WARN_64_TO_32_BIT_CONVERSION = YES;
				GCC_WARN_ABOUT_RETURN_TYPE = YES_ERROR;
				GCC_WARN_UNDECLARED_SELECTOR = YES;
				GCC_WARN_UNINITIALIZED_AUTOS = YES_AGGRESSIVE;
				GCC_WARN_UNUSED_FUNCTION = YES;
				GCC_WARN_UNUSED_VARIABLE = YES;
				IPHONEOS_DEPLOYMENT_TARGET = 12.1;
				MTL_ENABLE_DEBUG_INFO = NO;
				MTL_FAST_MATH = YES;
				SDKROOT = iphoneos;
				VALIDATE_PRODUCT = YES;
			};
			name = Release;
		};
		BC0BA17221C8B8F00007D965 /* Debug */ = {
			isa = XCBuildConfiguration;
			buildSettings = {
				ASSETCATALOG_COMPILER_APPICON_NAME = AppIcon;
				CODE_SIGN_STYLE = Automatic;
				INFOPLIST_FILE = Ditherer/Info.plist;
				LD_RUNPATH_SEARCH_PATHS = (
					"$(inherited)",
					"@executable_path/Frameworks",
				);
				PRODUCT_BUNDLE_IDENTIFIER = com.emergentprop.Ditherer;
				PRODUCT_NAME = "$(TARGET_NAME)";
				TARGETED_DEVICE_FAMILY = "1,2";
			};
			name = Debug;
		};
		BC0BA17321C8B8F00007D965 /* Release */ = {
			isa = XCBuildConfiguration;
			buildSettings = {
				ASSETCATALOG_COMPILER_APPICON_NAME = AppIcon;
				CODE_SIGN_STYLE = Automatic;
				INFOPLIST_FILE = Ditherer/Info.plist;
				LD_RUNPATH_SEARCH_PATHS = (
					"$(inherited)",
					"@executable_path/Frameworks",
				);
				PRODUCT_BUNDLE_IDENTIFIER = com.emergentprop.Ditherer;
				PRODUCT_NAME = "$(TARGET_NAME)";
				TARGETED_DEVICE_FAMILY = "1,2";
			};
			name = Release;
		};
/* End XCBuildConfiguration section */

/* Begin XCConfigurationList section */
		BC0BA15621C8B8EE0007D965 /* Build configuration list for PBXProject "Ditherer" */ = {
			isa = XCConfigurationList;
			buildConfigurations = (
				BC0BA16F21C8B8F00007D965 /* Debug */,
				BC0BA17021C8B8F00007D965 /* Release */,
			);
			defaultConfigurationIsVisible = 0;
			defaultConfigurationName = Release;
		};
		BC0BA17121C8B8F00007D965 /* Build configuration list for PBXNativeTarget "Ditherer" */ = {
			isa = XCConfigurationList;
			buildConfigurations = (
				BC0BA17221C8B8F00007D965 /* Debug */,
				BC0BA17321C8B8F00007D965 /* Release */,
			);
			defaultConfigurationIsVisible = 0;
			defaultConfigurationName = Release;
		};
/* End XCConfigurationList section */
	};
	rootObject = BC0BA15321C8B8EE0007D965 /* Project object */;
}
